
Microsoft Visual Studio Solution File, Format Version 12.00
# Visual Studio Version 17
VisualStudioVersion = 17.12.35527.113
MinimumVisualStudioVersion = 10.0.40219.1
Project("{FAE04EC0-301F-11D3-BF4B-00C04F79EFBC}") = "Connected.ServiceModel.Storage.Extensions", "src\Connected.ServiceModel.Storage.Extensions\Connected.ServiceModel.Storage.Extensions.csproj", "{05062E0D-0575-472B-A99D-7388DF0D3325}"
EndProject
Project("{FAE04EC0-301F-11D3-BF4B-00C04F79EFBC}") = "Connected.ServiceModel.Storage.Model", "src\Connected.ServiceModel.Storage.Model\Connected.ServiceModel.Storage.Model.csproj", "{805B59F0-31BB-4D4C-95D5-8B4479F6F190}"
EndProject
Project("{FAE04EC0-301F-11D3-BF4B-00C04F79EFBC}") = "Connected.ServiceModel.Storage.FileSystem", "src\Connected.ServiceModel.Storage.FileSystem\Connected.ServiceModel.Storage.FileSystem.csproj", "{C6A5B54F-2DD6-41A3-900D-78F3D5C197EB}"
EndProject
Project("{FAE04EC0-301F-11D3-BF4B-00C04F79EFBC}") = "TestClient", "src\TestClient\TestClient.csproj", "{675BEFF1-EA08-4D3B-80B6-C2A96AD4ECEF}"
EndProject
Project("{2150E333-8FDC-42A3-9474-1A3956D46DE8}") = "Dependencies", "Dependencies", "{02EA681E-C7D8-13C7-8484-4AC65E1B71E8}"
EndProject
Project("{FAE04EC0-301F-11D3-BF4B-00C04F79EFBC}") = "Connected.Runtime", "..\Connected.Core\src\Connected.Runtime\Connected.Runtime.csproj", "{AF82CDF4-2279-5B20-D8E6-7980B0CBEB45}"
EndProject
Project("{FAE04EC0-301F-11D3-BF4B-00C04F79EFBC}") = "Connected.Core.Storage.Sql", "..\Connected.Core\src\Connected.Core.Storage.Sql\Connected.Core.Storage.Sql.csproj", "{72BDD0D9-7AC6-81EA-BC59-DEE7D0639515}"
EndProject
Project("{FAE04EC0-301F-11D3-BF4B-00C04F79EFBC}") = "Connected.Core.Authorization.Default", "..\Connected.Core\src\Connected.Core.Authorization.Default\Connected.Core.Authorization.Default.csproj", "{1013835A-D630-FE4C-B0A8-3833F7FDA9E2}"
EndProject
Project("{FAE04EC0-301F-11D3-BF4B-00C04F79EFBC}") = "Connected.Core.Authorization", "..\Connected.Core\src\Connected.Core.Authorization\Connected.Core.Authorization.csproj", "{77E18939-80D7-8392-A0B2-C5800D38A9C0}"
EndProject
Project("{FAE04EC0-301F-11D3-BF4B-00C04F79EFBC}") = "Connected.Core.Services.Extensions", "..\Connected.Core\src\Connected.Core.Services.Extensions\Connected.Core.Services.Extensions.csproj", "{1A2A4F05-49A2-F5D5-070F-8F6B789E0858}"
EndProject
Project("{FAE04EC0-301F-11D3-BF4B-00C04F79EFBC}") = "Connected.Core.Authentication.Extensions", "..\Connected.Core\src\Connected.Core.Authentication.Extensions\Connected.Core.Authentication.Extensions.csproj", "{DBD12137-4B2E-2731-E294-A259CAADD492}"
EndProject
Project("{FAE04EC0-301F-11D3-BF4B-00C04F79EFBC}") = "Connected.Core.Net.Extensions", "..\Connected.Core\src\Connected.Core.Net.Extensions\Connected.Core.Net.Extensions.csproj", "{741F973A-C3DE-099D-D207-C98D77DA4477}"
EndProject
Project("{FAE04EC0-301F-11D3-BF4B-00C04F79EFBC}") = "Connected.ServiceModel.Data.Model", "src\Connected.ServiceModel.Data.Model\Connected.ServiceModel.Data.Model.csproj", "{3C41C7F1-AF0B-4C72-BE8D-D800E818DB63}"
EndProject
Project("{FAE04EC0-301F-11D3-BF4B-00C04F79EFBC}") = "Connected.Sdk", "..\Connected.Core\src\Connected.Sdk\Connected.Sdk.csproj", "{677BCFEC-B55D-E52D-8DB0-0969AB117483}"
EndProject
Project("{FAE04EC0-301F-11D3-BF4B-00C04F79EFBC}") = "Connected.ServiceModel.Data.AuditTrail", "src\Connected.ServiceModel.Data.AuditTrail\Connected.ServiceModel.Data.AuditTrail.csproj", "{A3432B08-4CAD-498F-9ED4-EFB085375C52}"
EndProject
Project("{FAE04EC0-301F-11D3-BF4B-00C04F79EFBC}") = "Connected.ServiceModel.Data.Extensions", "src\Connected.ServiceModel.Data.Extensions\Connected.ServiceModel.Data.Extensions.csproj", "{A7E8F44C-E7D5-4283-8694-4742FA6E9ADF}"
EndProject
Project("{FAE04EC0-301F-11D3-BF4B-00C04F79EFBC}") = "Connected.ServiceModel.Cdn.Model", "src\Connected.ServiceModel.Cdn.Model\Connected.ServiceModel.Cdn.Model.csproj", "{FEDD876F-55B0-4FE6-B002-F59B9037AFA2}"
EndProject
Global
	GlobalSection(SolutionConfigurationPlatforms) = preSolution
		Debug|Any CPU = Debug|Any CPU
		Release|Any CPU = Release|Any CPU
	EndGlobalSection
	GlobalSection(ProjectConfigurationPlatforms) = postSolution
		{05062E0D-0575-472B-A99D-7388DF0D3325}.Debug|Any CPU.ActiveCfg = Debug|Any CPU
		{05062E0D-0575-472B-A99D-7388DF0D3325}.Debug|Any CPU.Build.0 = Debug|Any CPU
		{05062E0D-0575-472B-A99D-7388DF0D3325}.Release|Any CPU.ActiveCfg = Release|Any CPU
		{05062E0D-0575-472B-A99D-7388DF0D3325}.Release|Any CPU.Build.0 = Release|Any CPU
		{805B59F0-31BB-4D4C-95D5-8B4479F6F190}.Debug|Any CPU.ActiveCfg = Debug|Any CPU
		{805B59F0-31BB-4D4C-95D5-8B4479F6F190}.Debug|Any CPU.Build.0 = Debug|Any CPU
		{805B59F0-31BB-4D4C-95D5-8B4479F6F190}.Release|Any CPU.ActiveCfg = Release|Any CPU
		{805B59F0-31BB-4D4C-95D5-8B4479F6F190}.Release|Any CPU.Build.0 = Release|Any CPU
		{C6A5B54F-2DD6-41A3-900D-78F3D5C197EB}.Debug|Any CPU.ActiveCfg = Debug|Any CPU
		{C6A5B54F-2DD6-41A3-900D-78F3D5C197EB}.Debug|Any CPU.Build.0 = Debug|Any CPU
		{C6A5B54F-2DD6-41A3-900D-78F3D5C197EB}.Release|Any CPU.ActiveCfg = Release|Any CPU
		{C6A5B54F-2DD6-41A3-900D-78F3D5C197EB}.Release|Any CPU.Build.0 = Release|Any CPU
		{675BEFF1-EA08-4D3B-80B6-C2A96AD4ECEF}.Debug|Any CPU.ActiveCfg = Debug|Any CPU
		{675BEFF1-EA08-4D3B-80B6-C2A96AD4ECEF}.Debug|Any CPU.Build.0 = Debug|Any CPU
		{675BEFF1-EA08-4D3B-80B6-C2A96AD4ECEF}.Release|Any CPU.ActiveCfg = Release|Any CPU
		{675BEFF1-EA08-4D3B-80B6-C2A96AD4ECEF}.Release|Any CPU.Build.0 = Release|Any CPU
		{AF82CDF4-2279-5B20-D8E6-7980B0CBEB45}.Debug|Any CPU.ActiveCfg = Debug|Any CPU
		{AF82CDF4-2279-5B20-D8E6-7980B0CBEB45}.Debug|Any CPU.Build.0 = Debug|Any CPU
		{AF82CDF4-2279-5B20-D8E6-7980B0CBEB45}.Release|Any CPU.ActiveCfg = Release|Any CPU
		{AF82CDF4-2279-5B20-D8E6-7980B0CBEB45}.Release|Any CPU.Build.0 = Release|Any CPU
		{72BDD0D9-7AC6-81EA-BC59-DEE7D0639515}.Debug|Any CPU.ActiveCfg = Debug|Any CPU
		{72BDD0D9-7AC6-81EA-BC59-DEE7D0639515}.Debug|Any CPU.Build.0 = Debug|Any CPU
		{72BDD0D9-7AC6-81EA-BC59-DEE7D0639515}.Release|Any CPU.ActiveCfg = Release|Any CPU
		{72BDD0D9-7AC6-81EA-BC59-DEE7D0639515}.Release|Any CPU.Build.0 = Release|Any CPU
		{1013835A-D630-FE4C-B0A8-3833F7FDA9E2}.Debug|Any CPU.ActiveCfg = Debug|Any CPU
		{1013835A-D630-FE4C-B0A8-3833F7FDA9E2}.Debug|Any CPU.Build.0 = Debug|Any CPU
		{1013835A-D630-FE4C-B0A8-3833F7FDA9E2}.Release|Any CPU.ActiveCfg = Release|Any CPU
		{1013835A-D630-FE4C-B0A8-3833F7FDA9E2}.Release|Any CPU.Build.0 = Release|Any CPU
		{77E18939-80D7-8392-A0B2-C5800D38A9C0}.Debug|Any CPU.ActiveCfg = Debug|Any CPU
		{77E18939-80D7-8392-A0B2-C5800D38A9C0}.Debug|Any CPU.Build.0 = Debug|Any CPU
		{77E18939-80D7-8392-A0B2-C5800D38A9C0}.Release|Any CPU.ActiveCfg = Release|Any CPU
		{77E18939-80D7-8392-A0B2-C5800D38A9C0}.Release|Any CPU.Build.0 = Release|Any CPU
		{1A2A4F05-49A2-F5D5-070F-8F6B789E0858}.Debug|Any CPU.ActiveCfg = Debug|Any CPU
		{1A2A4F05-49A2-F5D5-070F-8F6B789E0858}.Debug|Any CPU.Build.0 = Debug|Any CPU
		{1A2A4F05-49A2-F5D5-070F-8F6B789E0858}.Release|Any CPU.ActiveCfg = Release|Any CPU
		{1A2A4F05-49A2-F5D5-070F-8F6B789E0858}.Release|Any CPU.Build.0 = Release|Any CPU
		{DBD12137-4B2E-2731-E294-A259CAADD492}.Debug|Any CPU.ActiveCfg = Debug|Any CPU
		{DBD12137-4B2E-2731-E294-A259CAADD492}.Debug|Any CPU.Build.0 = Debug|Any CPU
		{DBD12137-4B2E-2731-E294-A259CAADD492}.Release|Any CPU.ActiveCfg = Release|Any CPU
		{DBD12137-4B2E-2731-E294-A259CAADD492}.Release|Any CPU.Build.0 = Release|Any CPU
		{741F973A-C3DE-099D-D207-C98D77DA4477}.Debug|Any CPU.ActiveCfg = Debug|Any CPU
		{741F973A-C3DE-099D-D207-C98D77DA4477}.Debug|Any CPU.Build.0 = Debug|Any CPU
		{741F973A-C3DE-099D-D207-C98D77DA4477}.Release|Any CPU.ActiveCfg = Release|Any CPU
		{741F973A-C3DE-099D-D207-C98D77DA4477}.Release|Any CPU.Build.0 = Release|Any CPU
		{3C41C7F1-AF0B-4C72-BE8D-D800E818DB63}.Debug|Any CPU.ActiveCfg = Debug|Any CPU
		{3C41C7F1-AF0B-4C72-BE8D-D800E818DB63}.Debug|Any CPU.Build.0 = Debug|Any CPU
		{3C41C7F1-AF0B-4C72-BE8D-D800E818DB63}.Release|Any CPU.ActiveCfg = Release|Any CPU
		{3C41C7F1-AF0B-4C72-BE8D-D800E818DB63}.Release|Any CPU.Build.0 = Release|Any CPU
		{677BCFEC-B55D-E52D-8DB0-0969AB117483}.Debug|Any CPU.ActiveCfg = Debug|Any CPU
		{677BCFEC-B55D-E52D-8DB0-0969AB117483}.Debug|Any CPU.Build.0 = Debug|Any CPU
		{677BCFEC-B55D-E52D-8DB0-0969AB117483}.Release|Any CPU.ActiveCfg = Release|Any CPU
		{677BCFEC-B55D-E52D-8DB0-0969AB117483}.Release|Any CPU.Build.0 = Release|Any CPU
		{A3432B08-4CAD-498F-9ED4-EFB085375C52}.Debug|Any CPU.ActiveCfg = Debug|Any CPU
		{A3432B08-4CAD-498F-9ED4-EFB085375C52}.Debug|Any CPU.Build.0 = Debug|Any CPU
		{A3432B08-4CAD-498F-9ED4-EFB085375C52}.Release|Any CPU.ActiveCfg = Release|Any CPU
		{A3432B08-4CAD-498F-9ED4-EFB085375C52}.Release|Any CPU.Build.0 = Release|Any CPU
		{A7E8F44C-E7D5-4283-8694-4742FA6E9ADF}.Debug|Any CPU.ActiveCfg = Debug|Any CPU
		{A7E8F44C-E7D5-4283-8694-4742FA6E9ADF}.Debug|Any CPU.Build.0 = Debug|Any CPU
		{A7E8F44C-E7D5-4283-8694-4742FA6E9ADF}.Release|Any CPU.ActiveCfg = Release|Any CPU
		{A7E8F44C-E7D5-4283-8694-4742FA6E9ADF}.Release|Any CPU.Build.0 = Release|Any CPU
		{FEDD876F-55B0-4FE6-B002-F59B9037AFA2}.Debug|Any CPU.ActiveCfg = Debug|Any CPU
		{FEDD876F-55B0-4FE6-B002-F59B9037AFA2}.Debug|Any CPU.Build.0 = Debug|Any CPU
		{FEDD876F-55B0-4FE6-B002-F59B9037AFA2}.Release|Any CPU.ActiveCfg = Release|Any CPU
		{FEDD876F-55B0-4FE6-B002-F59B9037AFA2}.Release|Any CPU.Build.0 = Release|Any CPU
	EndGlobalSection
	GlobalSection(SolutionProperties) = preSolution
		HideSolutionNode = FALSE
	EndGlobalSection
	GlobalSection(NestedProjects) = preSolution
		{AF82CDF4-2279-5B20-D8E6-7980B0CBEB45} = {02EA681E-C7D8-13C7-8484-4AC65E1B71E8}
		{72BDD0D9-7AC6-81EA-BC59-DEE7D0639515} = {02EA681E-C7D8-13C7-8484-4AC65E1B71E8}
		{1013835A-D630-FE4C-B0A8-3833F7FDA9E2} = {02EA681E-C7D8-13C7-8484-4AC65E1B71E8}
		{77E18939-80D7-8392-A0B2-C5800D38A9C0} = {02EA681E-C7D8-13C7-8484-4AC65E1B71E8}
		{1A2A4F05-49A2-F5D5-070F-8F6B789E0858} = {02EA681E-C7D8-13C7-8484-4AC65E1B71E8}
		{DBD12137-4B2E-2731-E294-A259CAADD492} = {02EA681E-C7D8-13C7-8484-4AC65E1B71E8}
		{741F973A-C3DE-099D-D207-C98D77DA4477} = {02EA681E-C7D8-13C7-8484-4AC65E1B71E8}
		{677BCFEC-B55D-E52D-8DB0-0969AB117483} = {02EA681E-C7D8-13C7-8484-4AC65E1B71E8}
	EndGlobalSection
	GlobalSection(ExtensibilityGlobals) = postSolution
		SolutionGuid = {DA48D2CF-AE1B-4A74-BCBE-1B7F655CEB7B}
	EndGlobalSection
EndGlobal
