
Microsoft Visual Studio Solution File, Format Version 12.00
# Visual Studio Version 17
VisualStudioVersion = 17.12.35527.113
MinimumVisualStudioVersion = 10.0.40219.1
Project("{FAE04EC0-301F-11D3-BF4B-00C04F79EFBC}") = "Connected.ServiceModel.Storage.Extensions", "src\Connected.ServiceModel.Storage.Extensions\Connected.ServiceModel.Storage.Extensions.csproj", "{05062E0D-0575-472B-A99D-7388DF0D3325}"
EndProject
Project("{FAE04EC0-301F-11D3-BF4B-00C04F79EFBC}") = "Connected.ServiceModel.Storage.Model", "src\Connected.ServiceModel.Storage.Model\Connected.ServiceModel.Storage.Model.csproj", "{805B59F0-31BB-4D4C-95D5-8B4479F6F190}"
EndProject
Project("{FAE04EC0-301F-11D3-BF4B-00C04F79EFBC}") = "Connected.ServiceModel.Storage.FileSystem", "src\Connected.ServiceModel.Storage.FileSystem\Connected.ServiceModel.Storage.FileSystem.csproj", "{C6A5B54F-2DD6-41A3-900D-78F3D5C197EB}"
EndProject
Project("{FAE04EC0-301F-11D3-BF4B-00C04F79EFBC}") = "TestClient", "src\TestClient\TestClient.csproj", "{675BEFF1-EA08-4D3B-80B6-C2A96AD4ECEF}"
EndProject
Project("{FAE04EC0-301F-11D3-BF4B-00C04F79EFBC}") = "Connected.Runtime", "..\Connected.Core\src\Connected.Runtime\Connected.Runtime.csproj", "{AF82CDF4-2279-5B20-D8E6-7980B0CBEB45}"
EndProject
Project("{FAE04EC0-301F-11D3-BF4B-00C04F79EFBC}") = "Connected.ServiceModel.Data.Model", "src\Connected.ServiceModel.Data.Model\Connected.ServiceModel.Data.Model.csproj", "{3C41C7F1-AF0B-4C72-BE8D-D800E818DB63}"
EndProject
Project("{FAE04EC0-301F-11D3-BF4B-00C04F79EFBC}") = "Connected.Sdk", "..\Connected.Core\src\Connected.Sdk\Connected.Sdk.csproj", "{677BCFEC-B55D-E52D-8DB0-0969AB117483}"
EndProject
Project("{FAE04EC0-301F-11D3-BF4B-00C04F79EFBC}") = "Connected.ServiceModel.Data.AuditTrail", "src\Connected.ServiceModel.Data.AuditTrail\Connected.ServiceModel.Data.AuditTrail.csproj", "{A3432B08-4CAD-498F-9ED4-EFB085375C52}"
EndProject
Project("{FAE04EC0-301F-11D3-BF4B-00C04F79EFBC}") = "Connected.ServiceModel.Data.Extensions", "src\Connected.ServiceModel.Data.Extensions\Connected.ServiceModel.Data.Extensions.csproj", "{A7E8F44C-E7D5-4283-8694-4742FA6E9ADF}"
EndProject
Project("{FAE04EC0-301F-11D3-BF4B-00C04F79EFBC}") = "Connected.ServiceModel.Cdn.Model", "src\Connected.ServiceModel.Cdn.Model\Connected.ServiceModel.Cdn.Model.csproj", "{FEDD876F-55B0-4FE6-B002-F59B9037AFA2}"
EndProject
Project("{FAE04EC0-301F-11D3-BF4B-00C04F79EFBC}") = "Connected.ServiceModel.Cdn.SmtpMessages", "src\Connected.ServiceModel.Cdn.SmtpMessages\Connected.ServiceModel.Cdn.SmtpMessages.csproj", "{9A1DBB68-D111-46D1-8500-CFACB63EBEE0}"
EndProject
Project("{2150E333-8FDC-42A3-9474-1A3956D46DE8}") = "Agents", "Agents", "{A6C8661E-F710-4615-A916-2389124870AE}"
EndProject
Project("{FAE04EC0-301F-11D3-BF4B-00C04F79EFBC}") = "Connected.ServiceModel.Cdn.Agents.SmtpService", "src\Connected.ServiceModel.Cdn.Agents.SmtpService\Connected.ServiceModel.Cdn.Agents.SmtpService.csproj", "{E863D43D-5C34-4E2E-9D2F-D0FB795BB16C}"
EndProject
Project("{2150E333-8FDC-42A3-9474-1A3956D46DE8}") = "Extensions", "Extensions", "{13FA21AA-0DAF-48FE-BE81-2E808677223A}"
EndProject
Project("{2150E333-8FDC-42A3-9474-1A3956D46DE8}") = "Models", "Models", "{E29706BD-3D9F-4D70-AD62-E807DF5A9D8E}"
EndProject
Project("{FAE04EC0-301F-11D3-BF4B-00C04F79EFBC}") = "Connected.ServiceModel.Cdn.Extensions", "src\Connected.ServiceModel.Cdn.Extensions\Connected.ServiceModel.Cdn.Extensions.csproj", "{7D2960A0-3EF0-45DD-BFD2-4859CB1C0328}"
EndProject
Project("{2150E333-8FDC-42A3-9474-1A3956D46DE8}") = "_Dependencies", "_Dependencies", "{105319CA-0720-49DD-8BBB-539B0E646671}"
EndProject
Project("{2150E333-8FDC-42A3-9474-1A3956D46DE8}") = "Services", "Services", "{2B1E5121-6732-4ADC-90AB-C444AEAECFF9}"
EndProject
Project("{FAE04EC0-301F-11D3-BF4B-00C04F79EFBC}") = "Connected.ServiceModel.Sdk", "src\Connected.ServiceModel.Sdk\Connected.ServiceModel.Sdk.csproj", "{01FF7ADF-82C8-4069-A910-9EACD5985DD2}"
EndProject
Global
	GlobalSection(SolutionConfigurationPlatforms) = preSolution
		Debug|Any CPU = Debug|Any CPU
		Release|Any CPU = Release|Any CPU
	EndGlobalSection
	GlobalSection(ProjectConfigurationPlatforms) = postSolution
		{05062E0D-0575-472B-A99D-7388DF0D3325}.Debug|Any CPU.ActiveCfg = Debug|Any CPU
		{05062E0D-0575-472B-A99D-7388DF0D3325}.Debug|Any CPU.Build.0 = Debug|Any CPU
		{05062E0D-0575-472B-A99D-7388DF0D3325}.Release|Any CPU.ActiveCfg = Release|Any CPU
		{05062E0D-0575-472B-A99D-7388DF0D3325}.Release|Any CPU.Build.0 = Release|Any CPU
		{805B59F0-31BB-4D4C-95D5-8B4479F6F190}.Debug|Any CPU.ActiveCfg = Debug|Any CPU
		{805B59F0-31BB-4D4C-95D5-8B4479F6F190}.Debug|Any CPU.Build.0 = Debug|Any CPU
		{805B59F0-31BB-4D4C-95D5-8B4479F6F190}.Release|Any CPU.ActiveCfg = Release|Any CPU
		{805B59F0-31BB-4D4C-95D5-8B4479F6F190}.Release|Any CPU.Build.0 = Release|Any CPU
		{C6A5B54F-2DD6-41A3-900D-78F3D5C197EB}.Debug|Any CPU.ActiveCfg = Debug|Any CPU
		{C6A5B54F-2DD6-41A3-900D-78F3D5C197EB}.Debug|Any CPU.Build.0 = Debug|Any CPU
		{C6A5B54F-2DD6-41A3-900D-78F3D5C197EB}.Release|Any CPU.ActiveCfg = Release|Any CPU
		{C6A5B54F-2DD6-41A3-900D-78F3D5C197EB}.Release|Any CPU.Build.0 = Release|Any CPU
		{675BEFF1-EA08-4D3B-80B6-C2A96AD4ECEF}.Debug|Any CPU.ActiveCfg = Debug|Any CPU
		{675BEFF1-EA08-4D3B-80B6-C2A96AD4ECEF}.Debug|Any CPU.Build.0 = Debug|Any CPU
		{675BEFF1-EA08-4D3B-80B6-C2A96AD4ECEF}.Release|Any CPU.ActiveCfg = Release|Any CPU
		{675BEFF1-EA08-4D3B-80B6-C2A96AD4ECEF}.Release|Any CPU.Build.0 = Release|Any CPU
		{AF82CDF4-2279-5B20-D8E6-7980B0CBEB45}.Debug|Any CPU.ActiveCfg = Debug|Any CPU
		{AF82CDF4-2279-5B20-D8E6-7980B0CBEB45}.Debug|Any CPU.Build.0 = Debug|Any CPU
		{AF82CDF4-2279-5B20-D8E6-7980B0CBEB45}.Release|Any CPU.ActiveCfg = Release|Any CPU
		{AF82CDF4-2279-5B20-D8E6-7980B0CBEB45}.Release|Any CPU.Build.0 = Release|Any CPU
		{3C41C7F1-AF0B-4C72-BE8D-D800E818DB63}.Debug|Any CPU.ActiveCfg = Debug|Any CPU
		{3C41C7F1-AF0B-4C72-BE8D-D800E818DB63}.Debug|Any CPU.Build.0 = Debug|Any CPU
		{3C41C7F1-AF0B-4C72-BE8D-D800E818DB63}.Release|Any CPU.ActiveCfg = Release|Any CPU
		{3C41C7F1-AF0B-4C72-BE8D-D800E818DB63}.Release|Any CPU.Build.0 = Release|Any CPU
		{677BCFEC-B55D-E52D-8DB0-0969AB117483}.Debug|Any CPU.ActiveCfg = Debug|Any CPU
		{677BCFEC-B55D-E52D-8DB0-0969AB117483}.Debug|Any CPU.Build.0 = Debug|Any CPU
		{677BCFEC-B55D-E52D-8DB0-0969AB117483}.Release|Any CPU.ActiveCfg = Release|Any CPU
		{677BCFEC-B55D-E52D-8DB0-0969AB117483}.Release|Any CPU.Build.0 = Release|Any CPU
		{A3432B08-4CAD-498F-9ED4-EFB085375C52}.Debug|Any CPU.ActiveCfg = Debug|Any CPU
		{A3432B08-4CAD-498F-9ED4-EFB085375C52}.Debug|Any CPU.Build.0 = Debug|Any CPU
		{A3432B08-4CAD-498F-9ED4-EFB085375C52}.Release|Any CPU.ActiveCfg = Release|Any CPU
		{A3432B08-4CAD-498F-9ED4-EFB085375C52}.Release|Any CPU.Build.0 = Release|Any CPU
		{A7E8F44C-E7D5-4283-8694-4742FA6E9ADF}.Debug|Any CPU.ActiveCfg = Debug|Any CPU
		{A7E8F44C-E7D5-4283-8694-4742FA6E9ADF}.Debug|Any CPU.Build.0 = Debug|Any CPU
		{A7E8F44C-E7D5-4283-8694-4742FA6E9ADF}.Release|Any CPU.ActiveCfg = Release|Any CPU
		{A7E8F44C-E7D5-4283-8694-4742FA6E9ADF}.Release|Any CPU.Build.0 = Release|Any CPU
		{FEDD876F-55B0-4FE6-B002-F59B9037AFA2}.Debug|Any CPU.ActiveCfg = Debug|Any CPU
		{FEDD876F-55B0-4FE6-B002-F59B9037AFA2}.Debug|Any CPU.Build.0 = Debug|Any CPU
		{FEDD876F-55B0-4FE6-B002-F59B9037AFA2}.Release|Any CPU.ActiveCfg = Release|Any CPU
		{FEDD876F-55B0-4FE6-B002-F59B9037AFA2}.Release|Any CPU.Build.0 = Release|Any CPU
		{9A1DBB68-D111-46D1-8500-CFACB63EBEE0}.Debug|Any CPU.ActiveCfg = Debug|Any CPU
		{9A1DBB68-D111-46D1-8500-CFACB63EBEE0}.Debug|Any CPU.Build.0 = Debug|Any CPU
		{9A1DBB68-D111-46D1-8500-CFACB63EBEE0}.Release|Any CPU.ActiveCfg = Release|Any CPU
		{9A1DBB68-D111-46D1-8500-CFACB63EBEE0}.Release|Any CPU.Build.0 = Release|Any CPU
		{E863D43D-5C34-4E2E-9D2F-D0FB795BB16C}.Debug|Any CPU.ActiveCfg = Debug|Any CPU
		{E863D43D-5C34-4E2E-9D2F-D0FB795BB16C}.Debug|Any CPU.Build.0 = Debug|Any CPU
		{E863D43D-5C34-4E2E-9D2F-D0FB795BB16C}.Release|Any CPU.ActiveCfg = Release|Any CPU
		{E863D43D-5C34-4E2E-9D2F-D0FB795BB16C}.Release|Any CPU.Build.0 = Release|Any CPU
		{7D2960A0-3EF0-45DD-BFD2-4859CB1C0328}.Debug|Any CPU.ActiveCfg = Debug|Any CPU
		{7D2960A0-3EF0-45DD-BFD2-4859CB1C0328}.Debug|Any CPU.Build.0 = Debug|Any CPU
		{7D2960A0-3EF0-45DD-BFD2-4859CB1C0328}.Release|Any CPU.ActiveCfg = Release|Any CPU
		{7D2960A0-3EF0-45DD-BFD2-4859CB1C0328}.Release|Any CPU.Build.0 = Release|Any CPU
		{01FF7ADF-82C8-4069-A910-9EACD5985DD2}.Debug|Any CPU.ActiveCfg = Debug|Any CPU
		{01FF7ADF-82C8-4069-A910-9EACD5985DD2}.Debug|Any CPU.Build.0 = Debug|Any CPU
		{01FF7ADF-82C8-4069-A910-9EACD5985DD2}.Release|Any CPU.ActiveCfg = Release|Any CPU
		{01FF7ADF-82C8-4069-A910-9EACD5985DD2}.Release|Any CPU.Build.0 = Release|Any CPU
	EndGlobalSection
	GlobalSection(SolutionProperties) = preSolution
		HideSolutionNode = FALSE
	EndGlobalSection
	GlobalSection(NestedProjects) = preSolution
		{05062E0D-0575-472B-A99D-7388DF0D3325} = {13FA21AA-0DAF-48FE-BE81-2E808677223A}
		{805B59F0-31BB-4D4C-95D5-8B4479F6F190} = {E29706BD-3D9F-4D70-AD62-E807DF5A9D8E}
		{C6A5B54F-2DD6-41A3-900D-78F3D5C197EB} = {2B1E5121-6732-4ADC-90AB-C444AEAECFF9}
		{AF82CDF4-2279-5B20-D8E6-7980B0CBEB45} = {105319CA-0720-49DD-8BBB-539B0E646671}
		{3C41C7F1-AF0B-4C72-BE8D-D800E818DB63} = {E29706BD-3D9F-4D70-AD62-E807DF5A9D8E}
		{677BCFEC-B55D-E52D-8DB0-0969AB117483} = {105319CA-0720-49DD-8BBB-539B0E646671}
		{A3432B08-4CAD-498F-9ED4-EFB085375C52} = {2B1E5121-6732-4ADC-90AB-C444AEAECFF9}
		{A7E8F44C-E7D5-4283-8694-4742FA6E9ADF} = {13FA21AA-0DAF-48FE-BE81-2E808677223A}
		{FEDD876F-55B0-4FE6-B002-F59B9037AFA2} = {E29706BD-3D9F-4D70-AD62-E807DF5A9D8E}
		{9A1DBB68-D111-46D1-8500-CFACB63EBEE0} = {2B1E5121-6732-4ADC-90AB-C444AEAECFF9}
		{E863D43D-5C34-4E2E-9D2F-D0FB795BB16C} = {A6C8661E-F710-4615-A916-2389124870AE}
		{7D2960A0-3EF0-45DD-BFD2-4859CB1C0328} = {13FA21AA-0DAF-48FE-BE81-2E808677223A}
	EndGlobalSection
	GlobalSection(ExtensibilityGlobals) = postSolution
		SolutionGuid = {DA48D2CF-AE1B-4A74-BCBE-1B7F655CEB7B}
	EndGlobalSection
EndGlobal
